
Microsoft Visual Studio Solution File, Format Version 12.00
# Visual Studio 15
VisualStudioVersion = 15.0.26730.12
MinimumVisualStudioVersion = 10.0.40219.1
Project("{FAE04EC0-301F-11D3-BF4B-00C04F79EFBC}") = "lab1", "lab1\lab1.csproj", "{D703C9C4-2887-4CC5-91D0-C947AC2FB534}"
EndProject
Global
	GlobalSection(SolutionConfigurationPlatforms) = preSolution
		Debug|Any CPU = Debug|Any CPU
		Release|Any CPU = Release|Any CPU
	EndGlobalSection
	GlobalSection(ProjectConfigurationPlatforms) = postSolution
		{D703C9C4-2887-4CC5-91D0-C947AC2FB534}.Debug|Any CPU.ActiveCfg = Debug|Any CPU
		{D703C9C4-2887-4CC5-91D0-C947AC2FB534}.Debug|Any CPU.Build.0 = Debug|Any CPU
		{D703C9C4-2887-4CC5-91D0-C947AC2FB534}.Release|Any CPU.ActiveCfg = Release|Any CPU
		{D703C9C4-2887-4CC5-91D0-C947AC2FB534}.Release|Any CPU.Build.0 = Release|Any CPU
	EndGlobalSection
	GlobalSection(SolutionProperties) = preSolution
		HideSolutionNode = FALSE
	EndGlobalSection
	GlobalSection(ExtensibilityGlobals) = postSolution
		SolutionGuid = {F941C677-966A-4B3E-ACB6-DAC48CDCB3C6}
	EndGlobalSection
EndGlobal
