
Microsoft Visual Studio Solution File, Format Version 12.00
# Visual Studio 15
VisualStudioVersion = 15.0.26730.12
MinimumVisualStudioVersion = 10.0.40219.1
Project("{FAE04EC0-301F-11D3-BF4B-00C04F79EFBC}") = "lab12", "lab12\lab12.csproj", "{59DFB07C-9455-4409-8977-3E1391D439BF}"
EndProject
Global
	GlobalSection(SolutionConfigurationPlatforms) = preSolution
		Debug|Any CPU = Debug|Any CPU
		Release|Any CPU = Release|Any CPU
	EndGlobalSection
	GlobalSection(ProjectConfigurationPlatforms) = postSolution
		{59DFB07C-9455-4409-8977-3E1391D439BF}.Debug|Any CPU.ActiveCfg = Debug|Any CPU
		{59DFB07C-9455-4409-8977-3E1391D439BF}.Debug|Any CPU.Build.0 = Debug|Any CPU
		{59DFB07C-9455-4409-8977-3E1391D439BF}.Release|Any CPU.ActiveCfg = Release|Any CPU
		{59DFB07C-9455-4409-8977-3E1391D439BF}.Release|Any CPU.Build.0 = Release|Any CPU
	EndGlobalSection
	GlobalSection(SolutionProperties) = preSolution
		HideSolutionNode = FALSE
	EndGlobalSection
	GlobalSection(ExtensibilityGlobals) = postSolution
		SolutionGuid = {FBE676B8-D840-401A-A8A4-3FD2BB8ED90E}
	EndGlobalSection
EndGlobal
